
Microsoft Visual Studio Solution File, Format Version 12.00
# Visual Studio 15
VisualStudioVersion = 15.0.26124.0
MinimumVisualStudioVersion = 15.0.26124.0
Project("{2150E333-8FDC-42A3-9474-1A3956D46DE8}") = ".paket", ".paket", "{1CE5F572-30E7-4244-B600-753CC413A8E6}"
	ProjectSection(SolutionItems) = preProject
		paket.dependencies = paket.dependencies
	EndProjectSection
EndProject
Project("{2150E333-8FDC-42A3-9474-1A3956D46DE8}") = "src", "src", "{FC93A659-4436-4A37-AC5E-0EFF1B66A619}"
EndProject
Project("{F2A71F9B-5D33-465A-A702-920D77279786}") = "HastiLang.Core", "src\HastiLang.Core\HastiLang.Core.fsproj", "{898D5D40-411C-4D1D-AAB4-B4FFC8835BE8}"
EndProject
Global
	GlobalSection(SolutionConfigurationPlatforms) = preSolution
		Debug|Any CPU = Debug|Any CPU
		Debug|x64 = Debug|x64
		Debug|x86 = Debug|x86
		Release|Any CPU = Release|Any CPU
		Release|x64 = Release|x64
		Release|x86 = Release|x86
	EndGlobalSection
	GlobalSection(SolutionProperties) = preSolution
		HideSolutionNode = FALSE
	EndGlobalSection
	GlobalSection(ProjectConfigurationPlatforms) = postSolution
		{898D5D40-411C-4D1D-AAB4-B4FFC8835BE8}.Debug|Any CPU.ActiveCfg = Debug|Any CPU
		{898D5D40-411C-4D1D-AAB4-B4FFC8835BE8}.Debug|Any CPU.Build.0 = Debug|Any CPU
		{898D5D40-411C-4D1D-AAB4-B4FFC8835BE8}.Debug|x64.ActiveCfg = Debug|Any CPU
		{898D5D40-411C-4D1D-AAB4-B4FFC8835BE8}.Debug|x64.Build.0 = Debug|Any CPU
		{898D5D40-411C-4D1D-AAB4-B4FFC8835BE8}.Debug|x86.ActiveCfg = Debug|Any CPU
		{898D5D40-411C-4D1D-AAB4-B4FFC8835BE8}.Debug|x86.Build.0 = Debug|Any CPU
		{898D5D40-411C-4D1D-AAB4-B4FFC8835BE8}.Release|Any CPU.ActiveCfg = Release|Any CPU
		{898D5D40-411C-4D1D-AAB4-B4FFC8835BE8}.Release|Any CPU.Build.0 = Release|Any CPU
		{898D5D40-411C-4D1D-AAB4-B4FFC8835BE8}.Release|x64.ActiveCfg = Release|Any CPU
		{898D5D40-411C-4D1D-AAB4-B4FFC8835BE8}.Release|x64.Build.0 = Release|Any CPU
		{898D5D40-411C-4D1D-AAB4-B4FFC8835BE8}.Release|x86.ActiveCfg = Release|Any CPU
		{898D5D40-411C-4D1D-AAB4-B4FFC8835BE8}.Release|x86.Build.0 = Release|Any CPU
	EndGlobalSection
	GlobalSection(NestedProjects) = preSolution
		{898D5D40-411C-4D1D-AAB4-B4FFC8835BE8} = {FC93A659-4436-4A37-AC5E-0EFF1B66A619}
	EndGlobalSection
EndGlobal
